
Microsoft Visual Studio Solution File, Format Version 12.00
Project("{FAE04EC0-301F-11D3-BF4B-00C04F79EFBC}") = "WebApi", "WebApi\WebApi.csproj", "{09D89EF4-E50D-48C9-A256-1A2A3BD17ED1}"
EndProject
Global
	GlobalSection(SolutionConfigurationPlatforms) = preSolution
		Debug|Any CPU = Debug|Any CPU
		Release|Any CPU = Release|Any CPU
	EndGlobalSection
	GlobalSection(ProjectConfigurationPlatforms) = postSolution
		{09D89EF4-E50D-48C9-A256-1A2A3BD17ED1}.Debug|Any CPU.ActiveCfg = Debug|Any CPU
		{09D89EF4-E50D-48C9-A256-1A2A3BD17ED1}.Debug|Any CPU.Build.0 = Debug|Any CPU
		{09D89EF4-E50D-48C9-A256-1A2A3BD17ED1}.Release|Any CPU.ActiveCfg = Release|Any CPU
		{09D89EF4-E50D-48C9-A256-1A2A3BD17ED1}.Release|Any CPU.Build.0 = Release|Any CPU
	EndGlobalSection
EndGlobal
