
Microsoft Visual Studio Solution File, Format Version 12.00
Project("{FAE04EC0-301F-11D3-BF4B-00C04F79EFBC}") = "MailServerTest", "MailServerTest\MailServerTest.csproj", "{199D687B-3304-45B9-95E3-6EB2F0E0ABFF}"
EndProject
Global
	GlobalSection(SolutionConfigurationPlatforms) = preSolution
		Debug|Any CPU = Debug|Any CPU
		Release|Any CPU = Release|Any CPU
	EndGlobalSection
	GlobalSection(ProjectConfigurationPlatforms) = postSolution
		{199D687B-3304-45B9-95E3-6EB2F0E0ABFF}.Debug|Any CPU.ActiveCfg = Debug|Any CPU
		{199D687B-3304-45B9-95E3-6EB2F0E0ABFF}.Debug|Any CPU.Build.0 = Debug|Any CPU
		{199D687B-3304-45B9-95E3-6EB2F0E0ABFF}.Release|Any CPU.ActiveCfg = Release|Any CPU
		{199D687B-3304-45B9-95E3-6EB2F0E0ABFF}.Release|Any CPU.Build.0 = Release|Any CPU
	EndGlobalSection
EndGlobal
